# THIS IS AN AUTOGENERATED FILE. DO NOT EDIT THIS FILE DIRECTLY.
# yarn lockfile v1


"@nestjs/mapped-types@^2.1.1":
  version "2.1.1"
  resolved "https://registry.yarnpkg.com/@nestjs/mapped-types/-/mapped-types-2.1.1.tgz#9530ac3250ab433ba6ef831e9dd5d483f5fc8144"
  integrity sha512-SCCoMEJ6jdeI5h/N+KCVF1+pmg/hmEkNA5nHTS8Gvww7T/LCl4o1gFLinw2iQ60w7slFkszHcGLKGdazVI4F8A==
